github.com/graph-gophers/dataloader v5.0.0+incompatible h1:R+yjsbrNq1Mo3aPG+Z/EKYrXrXXUNJHOgbRt+U6jOug=
github.com/graph-gophers/dataloader v5.0.0+incompatible/go.mod h1:jk4jk0c5ZISbKaMe8WsVopGB5/15GvGHMdMdPtwlRp4=
github.com/graph-gophers/graphql-go v0.0.0-20201027172035-4c772c181653 h1:lh/LStpSgXcfxpCAwm3tDIQqFDagHna6nQq96OsKnRc=
github.com/graph-gophers/graphql-go v0.0.0-20201027172035-4c772c181653/go.mod h1:9CQHMSxwO4MprSdzoIEobiHpoLtHm77vfxsvsIN5Vuc=
github.com/opentracing/opentracing-go v1.1.0 h1:pWlfV3Bxv7k65HYwkikxat0+s3pV4bsqf19k25Ur8rU=
github.com/opentracing/opentracing-go v1.1.0/go.mod h1:UkNAQd3GIcIGf0SeVgPpRdFStlNbqXla1AfSYxPUl2o=
